
Microsoft Visual Studio Solution File, Format Version 12.00
# Visual Studio 14
VisualStudioVersion = 14.0.25420.1
MinimumVisualStudioVersion = 10.0.40219.1
Project("{FAE04EC0-301F-11D3-BF4B-00C04F79EFBC}") = "NET.XF.Intro.Droid", "NET.XF.Intro\NET.XF.Intro.Droid\NET.XF.Intro.Droid.csproj", "{D4219357-4ACC-45D3-B4A2-34871CE02109}"
EndProject
Project("{FAE04EC0-301F-11D3-BF4B-00C04F79EFBC}") = "NET.XF.Intro.iOS", "NET.XF.Intro\NET.XF.Intro.iOS\NET.XF.Intro.iOS.csproj", "{7875BAAC-F9B5-44AB-921E-913DA1576425}"
EndProject
Project("{FAE04EC0-301F-11D3-BF4B-00C04F79EFBC}") = "NET.XF.Intro.WinPhone", "NET.XF.Intro\NET.XF.Intro.WinPhone\NET.XF.Intro.WinPhone.csproj", "{B7142E83-2818-49DE-82AF-F7E924B661E2}"
EndProject
Project("{FAE04EC0-301F-11D3-BF4B-00C04F79EFBC}") = "NET.XF.Intro.UWP", "NET.XF.Intro\NET.XF.Intro.UWP\NET.XF.Intro.UWP.csproj", "{DD1F9DF9-215E-4EF4-880A-4B85CA78F0C6}"
EndProject
Project("{FAE04EC0-301F-11D3-BF4B-00C04F79EFBC}") = "NET.XF.Intro.Windows", "NET.XF.Intro\NET.XF.Intro.Windows\NET.XF.Intro.Windows.csproj", "{839C7EE8-123E-4DEB-8F5D-2E54EFC97E05}"
EndProject
Project("{FAE04EC0-301F-11D3-BF4B-00C04F79EFBC}") = "NET.XF.Intro", "NET.XF.Intro\NET.XF.Intro\NET.XF.Intro.csproj", "{FED66D93-033B-49E0-93C3-C6158E19F4E4}"
EndProject
Global
	GlobalSection(SolutionConfigurationPlatforms) = preSolution
		Ad-Hoc|Any CPU = Ad-Hoc|Any CPU
		Ad-Hoc|ARM = Ad-Hoc|ARM
		Ad-Hoc|iPhone = Ad-Hoc|iPhone
		Ad-Hoc|iPhoneSimulator = Ad-Hoc|iPhoneSimulator
		Ad-Hoc|x64 = Ad-Hoc|x64
		Ad-Hoc|x86 = Ad-Hoc|x86
		AppStore|Any CPU = AppStore|Any CPU
		AppStore|ARM = AppStore|ARM
		AppStore|iPhone = AppStore|iPhone
		AppStore|iPhoneSimulator = AppStore|iPhoneSimulator
		AppStore|x64 = AppStore|x64
		AppStore|x86 = AppStore|x86
		Debug|Any CPU = Debug|Any CPU
		Debug|ARM = Debug|ARM
		Debug|iPhone = Debug|iPhone
		Debug|iPhoneSimulator = Debug|iPhoneSimulator
		Debug|x64 = Debug|x64
		Debug|x86 = Debug|x86
		Release|Any CPU = Release|Any CPU
		Release|ARM = Release|ARM
		Release|iPhone = Release|iPhone
		Release|iPhoneSimulator = Release|iPhoneSimulator
		Release|x64 = Release|x64
		Release|x86 = Release|x86
	EndGlobalSection
	GlobalSection(ProjectConfigurationPlatforms) = postSolution
		{D4219357-4ACC-45D3-B4A2-34871CE02109}.Ad-Hoc|Any CPU.ActiveCfg = Release|Any CPU
		{D4219357-4ACC-45D3-B4A2-34871CE02109}.Ad-Hoc|Any CPU.Build.0 = Release|Any CPU
		{D4219357-4ACC-45D3-B4A2-34871CE02109}.Ad-Hoc|Any CPU.Deploy.0 = Release|Any CPU
		{D4219357-4ACC-45D3-B4A2-34871CE02109}.Ad-Hoc|ARM.ActiveCfg = Release|Any CPU
		{D4219357-4ACC-45D3-B4A2-34871CE02109}.Ad-Hoc|ARM.Build.0 = Release|Any CPU
		{D4219357-4ACC-45D3-B4A2-34871CE02109}.Ad-Hoc|ARM.Deploy.0 = Release|Any CPU
		{D4219357-4ACC-45D3-B4A2-34871CE02109}.Ad-Hoc|iPhone.ActiveCfg = Release|Any CPU
		{D4219357-4ACC-45D3-B4A2-34871CE02109}.Ad-Hoc|iPhone.Build.0 = Release|Any CPU
		{D4219357-4ACC-45D3-B4A2-34871CE02109}.Ad-Hoc|iPhone.Deploy.0 = Release|Any CPU
		{D4219357-4ACC-45D3-B4A2-34871CE02109}.Ad-Hoc|iPhoneSimulator.ActiveCfg = Release|Any CPU
		{D4219357-4ACC-45D3-B4A2-34871CE02109}.Ad-Hoc|iPhoneSimulator.Build.0 = Release|Any CPU
		{D4219357-4ACC-45D3-B4A2-34871CE02109}.Ad-Hoc|iPhoneSimulator.Deploy.0 = Release|Any CPU
		{D4219357-4ACC-45D3-B4A2-34871CE02109}.Ad-Hoc|x64.ActiveCfg = Release|Any CPU
		{D4219357-4ACC-45D3-B4A2-34871CE02109}.Ad-Hoc|x64.Build.0 = Release|Any CPU
		{D4219357-4ACC-45D3-B4A2-34871CE02109}.Ad-Hoc|x64.Deploy.0 = Release|Any CPU
		{D4219357-4ACC-45D3-B4A2-34871CE02109}.Ad-Hoc|x86.ActiveCfg = Release|Any CPU
		{D4219357-4ACC-45D3-B4A2-34871CE02109}.Ad-Hoc|x86.Build.0 = Release|Any CPU
		{D4219357-4ACC-45D3-B4A2-34871CE02109}.Ad-Hoc|x86.Deploy.0 = Release|Any CPU
		{D4219357-4ACC-45D3-B4A2-34871CE02109}.AppStore|Any CPU.ActiveCfg = Release|Any CPU
		{D4219357-4ACC-45D3-B4A2-34871CE02109}.AppStore|Any CPU.Build.0 = Release|Any CPU
		{D4219357-4ACC-45D3-B4A2-34871CE02109}.AppStore|Any CPU.Deploy.0 = Release|Any CPU
		{D4219357-4ACC-45D3-B4A2-34871CE02109}.AppStore|ARM.ActiveCfg = Release|Any CPU
		{D4219357-4ACC-45D3-B4A2-34871CE02109}.AppStore|ARM.Build.0 = Release|Any CPU
		{D4219357-4ACC-45D3-B4A2-34871CE02109}.AppStore|ARM.Deploy.0 = Release|Any CPU
		{D4219357-4ACC-45D3-B4A2-34871CE02109}.AppStore|iPhone.ActiveCfg = Release|Any CPU
		{D4219357-4ACC-45D3-B4A2-34871CE02109}.AppStore|iPhone.Build.0 = Release|Any CPU
		{D4219357-4ACC-45D3-B4A2-34871CE02109}.AppStore|iPhone.Deploy.0 = Release|Any CPU
		{D4219357-4ACC-45D3-B4A2-34871CE02109}.AppStore|iPhoneSimulator.ActiveCfg = Release|Any CPU
		{D4219357-4ACC-45D3-B4A2-34871CE02109}.AppStore|iPhoneSimulator.Build.0 = Release|Any CPU
		{D4219357-4ACC-45D3-B4A2-34871CE02109}.AppStore|iPhoneSimulator.Deploy.0 = Release|Any CPU
		{D4219357-4ACC-45D3-B4A2-34871CE02109}.AppStore|x64.ActiveCfg = Release|Any CPU
		{D4219357-4ACC-45D3-B4A2-34871CE02109}.AppStore|x64.Build.0 = Release|Any CPU
		{D4219357-4ACC-45D3-B4A2-34871CE02109}.AppStore|x64.Deploy.0 = Release|Any CPU
		{D4219357-4ACC-45D3-B4A2-34871CE02109}.AppStore|x86.ActiveCfg = Release|Any CPU
		{D4219357-4ACC-45D3-B4A2-34871CE02109}.AppStore|x86.Build.0 = Release|Any CPU
		{D4219357-4ACC-45D3-B4A2-34871CE02109}.AppStore|x86.Deploy.0 = Release|Any CPU
		{D4219357-4ACC-45D3-B4A2-34871CE02109}.Debug|Any CPU.ActiveCfg = Debug|Any CPU
		{D4219357-4ACC-45D3-B4A2-34871CE02109}.Debug|Any CPU.Build.0 = Debug|Any CPU
		{D4219357-4ACC-45D3-B4A2-34871CE02109}.Debug|Any CPU.Deploy.0 = Debug|Any CPU
		{D4219357-4ACC-45D3-B4A2-34871CE02109}.Debug|ARM.ActiveCfg = Debug|Any CPU
		{D4219357-4ACC-45D3-B4A2-34871CE02109}.Debug|ARM.Build.0 = Debug|Any CPU
		{D4219357-4ACC-45D3-B4A2-34871CE02109}.Debug|ARM.Deploy.0 = Debug|Any CPU
		{D4219357-4ACC-45D3-B4A2-34871CE02109}.Debug|iPhone.ActiveCfg = Debug|Any CPU
		{D4219357-4ACC-45D3-B4A2-34871CE02109}.Debug|iPhone.Build.0 = Debug|Any CPU
		{D4219357-4ACC-45D3-B4A2-34871CE02109}.Debug|iPhone.Deploy.0 = Debug|Any CPU
		{D4219357-4ACC-45D3-B4A2-34871CE02109}.Debug|iPhoneSimulator.ActiveCfg = Debug|Any CPU
		{D4219357-4ACC-45D3-B4A2-34871CE02109}.Debug|iPhoneSimulator.Build.0 = Debug|Any CPU
		{D4219357-4ACC-45D3-B4A2-34871CE02109}.Debug|iPhoneSimulator.Deploy.0 = Debug|Any CPU
		{D4219357-4ACC-45D3-B4A2-34871CE02109}.Debug|x64.ActiveCfg = Debug|Any CPU
		{D4219357-4ACC-45D3-B4A2-34871CE02109}.Debug|x64.Build.0 = Debug|Any CPU
		{D4219357-4ACC-45D3-B4A2-34871CE02109}.Debug|x64.Deploy.0 = Debug|Any CPU
		{D4219357-4ACC-45D3-B4A2-34871CE02109}.Debug|x86.ActiveCfg = Debug|Any CPU
		{D4219357-4ACC-45D3-B4A2-34871CE02109}.Debug|x86.Build.0 = Debug|Any CPU
		{D4219357-4ACC-45D3-B4A2-34871CE02109}.Debug|x86.Deploy.0 = Debug|Any CPU
		{D4219357-4ACC-45D3-B4A2-34871CE02109}.Release|Any CPU.ActiveCfg = Release|Any CPU
		{D4219357-4ACC-45D3-B4A2-34871CE02109}.Release|Any CPU.Build.0 = Release|Any CPU
		{D4219357-4ACC-45D3-B4A2-34871CE02109}.Release|Any CPU.Deploy.0 = Release|Any CPU
		{D4219357-4ACC-45D3-B4A2-34871CE02109}.Release|ARM.ActiveCfg = Release|Any CPU
		{D4219357-4ACC-45D3-B4A2-34871CE02109}.Release|ARM.Build.0 = Release|Any CPU
		{D4219357-4ACC-45D3-B4A2-34871CE02109}.Release|ARM.Deploy.0 = Release|Any CPU
		{D4219357-4ACC-45D3-B4A2-34871CE02109}.Release|iPhone.ActiveCfg = Release|Any CPU
		{D4219357-4ACC-45D3-B4A2-34871CE02109}.Release|iPhone.Build.0 = Release|Any CPU
		{D4219357-4ACC-45D3-B4A2-34871CE02109}.Release|iPhone.Deploy.0 = Release|Any CPU
		{D4219357-4ACC-45D3-B4A2-34871CE02109}.Release|iPhoneSimulator.ActiveCfg = Release|Any CPU
		{D4219357-4ACC-45D3-B4A2-34871CE02109}.Release|iPhoneSimulator.Build.0 = Release|Any CPU
		{D4219357-4ACC-45D3-B4A2-34871CE02109}.Release|iPhoneSimulator.Deploy.0 = Release|Any CPU
		{D4219357-4ACC-45D3-B4A2-34871CE02109}.Release|x64.ActiveCfg = Release|Any CPU
		{D4219357-4ACC-45D3-B4A2-34871CE02109}.Release|x64.Build.0 = Release|Any CPU
		{D4219357-4ACC-45D3-B4A2-34871CE02109}.Release|x64.Deploy.0 = Release|Any CPU
		{D4219357-4ACC-45D3-B4A2-34871CE02109}.Release|x86.ActiveCfg = Release|Any CPU
		{D4219357-4ACC-45D3-B4A2-34871CE02109}.Release|x86.Build.0 = Release|Any CPU
		{D4219357-4ACC-45D3-B4A2-34871CE02109}.Release|x86.Deploy.0 = Release|Any CPU
		{7875BAAC-F9B5-44AB-921E-913DA1576425}.Ad-Hoc|Any CPU.ActiveCfg = Ad-Hoc|iPhone
		{7875BAAC-F9B5-44AB-921E-913DA1576425}.Ad-Hoc|ARM.ActiveCfg = Ad-Hoc|iPhone
		{7875BAAC-F9B5-44AB-921E-913DA1576425}.Ad-Hoc|iPhone.ActiveCfg = Ad-Hoc|iPhone
		{7875BAAC-F9B5-44AB-921E-913DA1576425}.Ad-Hoc|iPhone.Build.0 = Ad-Hoc|iPhone
		{7875BAAC-F9B5-44AB-921E-913DA1576425}.Ad-Hoc|iPhoneSimulator.ActiveCfg = Ad-Hoc|iPhoneSimulator
		{7875BAAC-F9B5-44AB-921E-913DA1576425}.Ad-Hoc|iPhoneSimulator.Build.0 = Ad-Hoc|iPhoneSimulator
		{7875BAAC-F9B5-44AB-921E-913DA1576425}.Ad-Hoc|x64.ActiveCfg = Ad-Hoc|iPhone
		{7875BAAC-F9B5-44AB-921E-913DA1576425}.Ad-Hoc|x86.ActiveCfg = Ad-Hoc|iPhone
		{7875BAAC-F9B5-44AB-921E-913DA1576425}.AppStore|Any CPU.ActiveCfg = AppStore|iPhone
		{7875BAAC-F9B5-44AB-921E-913DA1576425}.AppStore|ARM.ActiveCfg = AppStore|iPhone
		{7875BAAC-F9B5-44AB-921E-913DA1576425}.AppStore|iPhone.ActiveCfg = AppStore|iPhone
		{7875BAAC-F9B5-44AB-921E-913DA1576425}.AppStore|iPhone.Build.0 = AppStore|iPhone
		{7875BAAC-F9B5-44AB-921E-913DA1576425}.AppStore|iPhoneSimulator.ActiveCfg = AppStore|iPhoneSimulator
		{7875BAAC-F9B5-44AB-921E-913DA1576425}.AppStore|iPhoneSimulator.Build.0 = AppStore|iPhoneSimulator
		{7875BAAC-F9B5-44AB-921E-913DA1576425}.AppStore|x64.ActiveCfg = AppStore|iPhone
		{7875BAAC-F9B5-44AB-921E-913DA1576425}.AppStore|x86.ActiveCfg = AppStore|iPhone
		{7875BAAC-F9B5-44AB-921E-913DA1576425}.Debug|Any CPU.ActiveCfg = Debug|iPhone
		{7875BAAC-F9B5-44AB-921E-913DA1576425}.Debug|ARM.ActiveCfg = Debug|iPhone
		{7875BAAC-F9B5-44AB-921E-913DA1576425}.Debug|iPhone.ActiveCfg = Debug|iPhone
		{7875BAAC-F9B5-44AB-921E-913DA1576425}.Debug|iPhone.Build.0 = Debug|iPhone
		{7875BAAC-F9B5-44AB-921E-913DA1576425}.Debug|iPhoneSimulator.ActiveCfg = Debug|iPhoneSimulator
		{7875BAAC-F9B5-44AB-921E-913DA1576425}.Debug|iPhoneSimulator.Build.0 = Debug|iPhoneSimulator
		{7875BAAC-F9B5-44AB-921E-913DA1576425}.Debug|x64.ActiveCfg = Debug|iPhone
		{7875BAAC-F9B5-44AB-921E-913DA1576425}.Debug|x86.ActiveCfg = Debug|iPhone
		{7875BAAC-F9B5-44AB-921E-913DA1576425}.Release|Any CPU.ActiveCfg = Release|iPhone
		{7875BAAC-F9B5-44AB-921E-913DA1576425}.Release|ARM.ActiveCfg = Release|iPhone
		{7875BAAC-F9B5-44AB-921E-913DA1576425}.Release|iPhone.ActiveCfg = Release|iPhone
		{7875BAAC-F9B5-44AB-921E-913DA1576425}.Release|iPhone.Build.0 = Release|iPhone
		{7875BAAC-F9B5-44AB-921E-913DA1576425}.Release|iPhoneSimulator.ActiveCfg = Release|iPhoneSimulator
		{7875BAAC-F9B5-44AB-921E-913DA1576425}.Release|iPhoneSimulator.Build.0 = Release|iPhoneSimulator
		{7875BAAC-F9B5-44AB-921E-913DA1576425}.Release|x64.ActiveCfg = Release|iPhone
		{7875BAAC-F9B5-44AB-921E-913DA1576425}.Release|x86.ActiveCfg = Release|iPhone
		{B7142E83-2818-49DE-82AF-F7E924B661E2}.Ad-Hoc|Any CPU.ActiveCfg = Release|Any CPU
		{B7142E83-2818-49DE-82AF-F7E924B661E2}.Ad-Hoc|Any CPU.Build.0 = Release|Any CPU
		{B7142E83-2818-49DE-82AF-F7E924B661E2}.Ad-Hoc|Any CPU.Deploy.0 = Release|Any CPU
		{B7142E83-2818-49DE-82AF-F7E924B661E2}.Ad-Hoc|ARM.ActiveCfg = Release|ARM
		{B7142E83-2818-49DE-82AF-F7E924B661E2}.Ad-Hoc|ARM.Build.0 = Release|ARM
		{B7142E83-2818-49DE-82AF-F7E924B661E2}.Ad-Hoc|ARM.Deploy.0 = Release|ARM
		{B7142E83-2818-49DE-82AF-F7E924B661E2}.Ad-Hoc|iPhone.ActiveCfg = Release|Any CPU
		{B7142E83-2818-49DE-82AF-F7E924B661E2}.Ad-Hoc|iPhone.Build.0 = Release|Any CPU
		{B7142E83-2818-49DE-82AF-F7E924B661E2}.Ad-Hoc|iPhone.Deploy.0 = Release|Any CPU
		{B7142E83-2818-49DE-82AF-F7E924B661E2}.Ad-Hoc|iPhoneSimulator.ActiveCfg = Release|Any CPU
		{B7142E83-2818-49DE-82AF-F7E924B661E2}.Ad-Hoc|iPhoneSimulator.Build.0 = Release|Any CPU
		{B7142E83-2818-49DE-82AF-F7E924B661E2}.Ad-Hoc|iPhoneSimulator.Deploy.0 = Release|Any CPU
		{B7142E83-2818-49DE-82AF-F7E924B661E2}.Ad-Hoc|x64.ActiveCfg = Release|Any CPU
		{B7142E83-2818-49DE-82AF-F7E924B661E2}.Ad-Hoc|x64.Build.0 = Release|Any CPU
		{B7142E83-2818-49DE-82AF-F7E924B661E2}.Ad-Hoc|x64.Deploy.0 = Release|Any CPU
		{B7142E83-2818-49DE-82AF-F7E924B661E2}.Ad-Hoc|x86.ActiveCfg = Release|x86
		{B7142E83-2818-49DE-82AF-F7E924B661E2}.Ad-Hoc|x86.Build.0 = Release|x86
		{B7142E83-2818-49DE-82AF-F7E924B661E2}.Ad-Hoc|x86.Deploy.0 = Release|x86
		{B7142E83-2818-49DE-82AF-F7E924B661E2}.AppStore|Any CPU.ActiveCfg = Release|Any CPU
		{B7142E83-2818-49DE-82AF-F7E924B661E2}.AppStore|Any CPU.Build.0 = Release|Any CPU
		{B7142E83-2818-49DE-82AF-F7E924B661E2}.AppStore|Any CPU.Deploy.0 = Release|Any CPU
		{B7142E83-2818-49DE-82AF-F7E924B661E2}.AppStore|ARM.ActiveCfg = Release|ARM
		{B7142E83-2818-49DE-82AF-F7E924B661E2}.AppStore|ARM.Build.0 = Release|ARM
		{B7142E83-2818-49DE-82AF-F7E924B661E2}.AppStore|ARM.Deploy.0 = Release|ARM
		{B7142E83-2818-49DE-82AF-F7E924B661E2}.AppStore|iPhone.ActiveCfg = Release|Any CPU
		{B7142E83-2818-49DE-82AF-F7E924B661E2}.AppStore|iPhone.Build.0 = Release|Any CPU
		{B7142E83-2818-49DE-82AF-F7E924B661E2}.AppStore|iPhone.Deploy.0 = Release|Any CPU
		{B7142E83-2818-49DE-82AF-F7E924B661E2}.AppStore|iPhoneSimulator.ActiveCfg = Release|Any CPU
		{B7142E83-2818-49DE-82AF-F7E924B661E2}.AppStore|iPhoneSimulator.Build.0 = Release|Any CPU
		{B7142E83-2818-49DE-82AF-F7E924B661E2}.AppStore|iPhoneSimulator.Deploy.0 = Release|Any CPU
		{B7142E83-2818-49DE-82AF-F7E924B661E2}.AppStore|x64.ActiveCfg = Release|Any CPU
		{B7142E83-2818-49DE-82AF-F7E924B661E2}.AppStore|x64.Build.0 = Release|Any CPU
		{B7142E83-2818-49DE-82AF-F7E924B661E2}.AppStore|x64.Deploy.0 = Release|Any CPU
		{B7142E83-2818-49DE-82AF-F7E924B661E2}.AppStore|x86.ActiveCfg = Release|x86
		{B7142E83-2818-49DE-82AF-F7E924B661E2}.AppStore|x86.Build.0 = Release|x86
		{B7142E83-2818-49DE-82AF-F7E924B661E2}.AppStore|x86.Deploy.0 = Release|x86
		{B7142E83-2818-49DE-82AF-F7E924B661E2}.Debug|Any CPU.ActiveCfg = Debug|Any CPU
		{B7142E83-2818-49DE-82AF-F7E924B661E2}.Debug|Any CPU.Build.0 = Debug|Any CPU
		{B7142E83-2818-49DE-82AF-F7E924B661E2}.Debug|Any CPU.Deploy.0 = Debug|Any CPU
		{B7142E83-2818-49DE-82AF-F7E924B661E2}.Debug|ARM.ActiveCfg = Debug|ARM
		{B7142E83-2818-49DE-82AF-F7E924B661E2}.Debug|ARM.Build.0 = Debug|ARM
		{B7142E83-2818-49DE-82AF-F7E924B661E2}.Debug|ARM.Deploy.0 = Debug|ARM
		{B7142E83-2818-49DE-82AF-F7E924B661E2}.Debug|iPhone.ActiveCfg = Debug|Any CPU
		{B7142E83-2818-49DE-82AF-F7E924B661E2}.Debug|iPhone.Build.0 = Debug|Any CPU
		{B7142E83-2818-49DE-82AF-F7E924B661E2}.Debug|iPhone.Deploy.0 = Debug|Any CPU
		{B7142E83-2818-49DE-82AF-F7E924B661E2}.Debug|iPhoneSimulator.ActiveCfg = Debug|Any CPU
		{B7142E83-2818-49DE-82AF-F7E924B661E2}.Debug|iPhoneSimulator.Build.0 = Debug|Any CPU
		{B7142E83-2818-49DE-82AF-F7E924B661E2}.Debug|iPhoneSimulator.Deploy.0 = Debug|Any CPU
		{B7142E83-2818-49DE-82AF-F7E924B661E2}.Debug|x64.ActiveCfg = Debug|Any CPU
		{B7142E83-2818-49DE-82AF-F7E924B661E2}.Debug|x64.Build.0 = Debug|Any CPU
		{B7142E83-2818-49DE-82AF-F7E924B661E2}.Debug|x64.Deploy.0 = Debug|Any CPU
		{B7142E83-2818-49DE-82AF-F7E924B661E2}.Debug|x86.ActiveCfg = Debug|x86
		{B7142E83-2818-49DE-82AF-F7E924B661E2}.Debug|x86.Build.0 = Debug|x86
		{B7142E83-2818-49DE-82AF-F7E924B661E2}.Debug|x86.Deploy.0 = Debug|x86
		{B7142E83-2818-49DE-82AF-F7E924B661E2}.Release|Any CPU.ActiveCfg = Release|Any CPU
		{B7142E83-2818-49DE-82AF-F7E924B661E2}.Release|Any CPU.Build.0 = Release|Any CPU
		{B7142E83-2818-49DE-82AF-F7E924B661E2}.Release|Any CPU.Deploy.0 = Release|Any CPU
		{B7142E83-2818-49DE-82AF-F7E924B661E2}.Release|ARM.ActiveCfg = Release|ARM
		{B7142E83-2818-49DE-82AF-F7E924B661E2}.Release|ARM.Build.0 = Release|ARM
		{B7142E83-2818-49DE-82AF-F7E924B661E2}.Release|ARM.Deploy.0 = Release|ARM
		{B7142E83-2818-49DE-82AF-F7E924B661E2}.Release|iPhone.ActiveCfg = Release|Any CPU
		{B7142E83-2818-49DE-82AF-F7E924B661E2}.Release|iPhone.Build.0 = Release|Any CPU
		{B7142E83-2818-49DE-82AF-F7E924B661E2}.Release|iPhone.Deploy.0 = Release|Any CPU
		{B7142E83-2818-49DE-82AF-F7E924B661E2}.Release|iPhoneSimulator.ActiveCfg = Release|Any CPU
		{B7142E83-2818-49DE-82AF-F7E924B661E2}.Release|iPhoneSimulator.Build.0 = Release|Any CPU
		{B7142E83-2818-49DE-82AF-F7E924B661E2}.Release|iPhoneSimulator.Deploy.0 = Release|Any CPU
		{B7142E83-2818-49DE-82AF-F7E924B661E2}.Release|x64.ActiveCfg = Release|Any CPU
		{B7142E83-2818-49DE-82AF-F7E924B661E2}.Release|x64.Build.0 = Release|Any CPU
		{B7142E83-2818-49DE-82AF-F7E924B661E2}.Release|x64.Deploy.0 = Release|Any CPU
		{B7142E83-2818-49DE-82AF-F7E924B661E2}.Release|x86.ActiveCfg = Release|x86
		{B7142E83-2818-49DE-82AF-F7E924B661E2}.Release|x86.Build.0 = Release|x86
		{B7142E83-2818-49DE-82AF-F7E924B661E2}.Release|x86.Deploy.0 = Release|x86
		{DD1F9DF9-215E-4EF4-880A-4B85CA78F0C6}.Ad-Hoc|Any CPU.ActiveCfg = Release|x86
		{DD1F9DF9-215E-4EF4-880A-4B85CA78F0C6}.Ad-Hoc|Any CPU.Build.0 = Release|x86
		{DD1F9DF9-215E-4EF4-880A-4B85CA78F0C6}.Ad-Hoc|Any CPU.Deploy.0 = Release|x86
		{DD1F9DF9-215E-4EF4-880A-4B85CA78F0C6}.Ad-Hoc|ARM.ActiveCfg = Release|ARM
		{DD1F9DF9-215E-4EF4-880A-4B85CA78F0C6}.Ad-Hoc|ARM.Build.0 = Release|ARM
		{DD1F9DF9-215E-4EF4-880A-4B85CA78F0C6}.Ad-Hoc|ARM.Deploy.0 = Release|ARM
		{DD1F9DF9-215E-4EF4-880A-4B85CA78F0C6}.Ad-Hoc|iPhone.ActiveCfg = Release|x86
		{DD1F9DF9-215E-4EF4-880A-4B85CA78F0C6}.Ad-Hoc|iPhone.Build.0 = Release|x86
		{DD1F9DF9-215E-4EF4-880A-4B85CA78F0C6}.Ad-Hoc|iPhone.Deploy.0 = Release|x86
		{DD1F9DF9-215E-4EF4-880A-4B85CA78F0C6}.Ad-Hoc|iPhoneSimulator.ActiveCfg = Release|x86
		{DD1F9DF9-215E-4EF4-880A-4B85CA78F0C6}.Ad-Hoc|iPhoneSimulator.Build.0 = Release|x86
		{DD1F9DF9-215E-4EF4-880A-4B85CA78F0C6}.Ad-Hoc|iPhoneSimulator.Deploy.0 = Release|x86
		{DD1F9DF9-215E-4EF4-880A-4B85CA78F0C6}.Ad-Hoc|x64.ActiveCfg = Release|x64
		{DD1F9DF9-215E-4EF4-880A-4B85CA78F0C6}.Ad-Hoc|x64.Build.0 = Release|x64
		{DD1F9DF9-215E-4EF4-880A-4B85CA78F0C6}.Ad-Hoc|x64.Deploy.0 = Release|x64
		{DD1F9DF9-215E-4EF4-880A-4B85CA78F0C6}.Ad-Hoc|x86.ActiveCfg = Release|x86
		{DD1F9DF9-215E-4EF4-880A-4B85CA78F0C6}.Ad-Hoc|x86.Build.0 = Release|x86
		{DD1F9DF9-215E-4EF4-880A-4B85CA78F0C6}.Ad-Hoc|x86.Deploy.0 = Release|x86
		{DD1F9DF9-215E-4EF4-880A-4B85CA78F0C6}.AppStore|Any CPU.ActiveCfg = Release|x86
		{DD1F9DF9-215E-4EF4-880A-4B85CA78F0C6}.AppStore|Any CPU.Build.0 = Release|x86
		{DD1F9DF9-215E-4EF4-880A-4B85CA78F0C6}.AppStore|Any CPU.Deploy.0 = Release|x86
		{DD1F9DF9-215E-4EF4-880A-4B85CA78F0C6}.AppStore|ARM.ActiveCfg = Release|ARM
		{DD1F9DF9-215E-4EF4-880A-4B85CA78F0C6}.AppStore|ARM.Build.0 = Release|ARM
		{DD1F9DF9-215E-4EF4-880A-4B85CA78F0C6}.AppStore|ARM.Deploy.0 = Release|ARM
		{DD1F9DF9-215E-4EF4-880A-4B85CA78F0C6}.AppStore|iPhone.ActiveCfg = Release|x86
		{DD1F9DF9-215E-4EF4-880A-4B85CA78F0C6}.AppStore|iPhone.Build.0 = Release|x86
		{DD1F9DF9-215E-4EF4-880A-4B85CA78F0C6}.AppStore|iPhone.Deploy.0 = Release|x86
		{DD1F9DF9-215E-4EF4-880A-4B85CA78F0C6}.AppStore|iPhoneSimulator.ActiveCfg = Release|x86
		{DD1F9DF9-215E-4EF4-880A-4B85CA78F0C6}.AppStore|iPhoneSimulator.Build.0 = Release|x86
		{DD1F9DF9-215E-4EF4-880A-4B85CA78F0C6}.AppStore|iPhoneSimulator.Deploy.0 = Release|x86
		{DD1F9DF9-215E-4EF4-880A-4B85CA78F0C6}.AppStore|x64.ActiveCfg = Release|x64
		{DD1F9DF9-215E-4EF4-880A-4B85CA78F0C6}.AppStore|x64.Build.0 = Release|x64
		{DD1F9DF9-215E-4EF4-880A-4B85CA78F0C6}.AppStore|x64.Deploy.0 = Release|x64
		{DD1F9DF9-215E-4EF4-880A-4B85CA78F0C6}.AppStore|x86.ActiveCfg = Release|x86
		{DD1F9DF9-215E-4EF4-880A-4B85CA78F0C6}.AppStore|x86.Build.0 = Release|x86
		{DD1F9DF9-215E-4EF4-880A-4B85CA78F0C6}.AppStore|x86.Deploy.0 = Release|x86
		{DD1F9DF9-215E-4EF4-880A-4B85CA78F0C6}.Debug|Any CPU.ActiveCfg = Debug|x86
		{DD1F9DF9-215E-4EF4-880A-4B85CA78F0C6}.Debug|ARM.ActiveCfg = Debug|ARM
		{DD1F9DF9-215E-4EF4-880A-4B85CA78F0C6}.Debug|ARM.Build.0 = Debug|ARM
		{DD1F9DF9-215E-4EF4-880A-4B85CA78F0C6}.Debug|ARM.Deploy.0 = Debug|ARM
		{DD1F9DF9-215E-4EF4-880A-4B85CA78F0C6}.Debug|iPhone.ActiveCfg = Debug|x86
		{DD1F9DF9-215E-4EF4-880A-4B85CA78F0C6}.Debug|iPhoneSimulator.ActiveCfg = Debug|x86
		{DD1F9DF9-215E-4EF4-880A-4B85CA78F0C6}.Debug|x64.ActiveCfg = Debug|x64
		{DD1F9DF9-215E-4EF4-880A-4B85CA78F0C6}.Debug|x64.Build.0 = Debug|x64
		{DD1F9DF9-215E-4EF4-880A-4B85CA78F0C6}.Debug|x64.Deploy.0 = Debug|x64
		{DD1F9DF9-215E-4EF4-880A-4B85CA78F0C6}.Debug|x86.ActiveCfg = Debug|x86
		{DD1F9DF9-215E-4EF4-880A-4B85CA78F0C6}.Debug|x86.Build.0 = Debug|x86
		{DD1F9DF9-215E-4EF4-880A-4B85CA78F0C6}.Debug|x86.Deploy.0 = Debug|x86
		{DD1F9DF9-215E-4EF4-880A-4B85CA78F0C6}.Release|Any CPU.ActiveCfg = Release|x86
		{DD1F9DF9-215E-4EF4-880A-4B85CA78F0C6}.Release|ARM.ActiveCfg = Release|ARM
		{DD1F9DF9-215E-4EF4-880A-4B85CA78F0C6}.Release|ARM.Build.0 = Release|ARM
		{DD1F9DF9-215E-4EF4-880A-4B85CA78F0C6}.Release|ARM.Deploy.0 = Release|ARM
		{DD1F9DF9-215E-4EF4-880A-4B85CA78F0C6}.Release|iPhone.ActiveCfg = Release|x86
		{DD1F9DF9-215E-4EF4-880A-4B85CA78F0C6}.Release|iPhoneSimulator.ActiveCfg = Release|x86
		{DD1F9DF9-215E-4EF4-880A-4B85CA78F0C6}.Release|x64.ActiveCfg = Release|x64
		{DD1F9DF9-215E-4EF4-880A-4B85CA78F0C6}.Release|x64.Build.0 = Release|x64
		{DD1F9DF9-215E-4EF4-880A-4B85CA78F0C6}.Release|x64.Deploy.0 = Release|x64
		{DD1F9DF9-215E-4EF4-880A-4B85CA78F0C6}.Release|x86.ActiveCfg = Release|x86
		{DD1F9DF9-215E-4EF4-880A-4B85CA78F0C6}.Release|x86.Build.0 = Release|x86
		{DD1F9DF9-215E-4EF4-880A-4B85CA78F0C6}.Release|x86.Deploy.0 = Release|x86
		{839C7EE8-123E-4DEB-8F5D-2E54EFC97E05}.Ad-Hoc|Any CPU.ActiveCfg = Release|Any CPU
		{839C7EE8-123E-4DEB-8F5D-2E54EFC97E05}.Ad-Hoc|Any CPU.Build.0 = Release|Any CPU
		{839C7EE8-123E-4DEB-8F5D-2E54EFC97E05}.Ad-Hoc|Any CPU.Deploy.0 = Release|Any CPU
		{839C7EE8-123E-4DEB-8F5D-2E54EFC97E05}.Ad-Hoc|ARM.ActiveCfg = Release|ARM
		{839C7EE8-123E-4DEB-8F5D-2E54EFC97E05}.Ad-Hoc|ARM.Build.0 = Release|ARM
		{839C7EE8-123E-4DEB-8F5D-2E54EFC97E05}.Ad-Hoc|ARM.Deploy.0 = Release|ARM
		{839C7EE8-123E-4DEB-8F5D-2E54EFC97E05}.Ad-Hoc|iPhone.ActiveCfg = Release|Any CPU
		{839C7EE8-123E-4DEB-8F5D-2E54EFC97E05}.Ad-Hoc|iPhone.Build.0 = Release|Any CPU
		{839C7EE8-123E-4DEB-8F5D-2E54EFC97E05}.Ad-Hoc|iPhone.Deploy.0 = Release|Any CPU
		{839C7EE8-123E-4DEB-8F5D-2E54EFC97E05}.Ad-Hoc|iPhoneSimulator.ActiveCfg = Release|Any CPU
		{839C7EE8-123E-4DEB-8F5D-2E54EFC97E05}.Ad-Hoc|iPhoneSimulator.Build.0 = Release|Any CPU
		{839C7EE8-123E-4DEB-8F5D-2E54EFC97E05}.Ad-Hoc|iPhoneSimulator.Deploy.0 = Release|Any CPU
		{839C7EE8-123E-4DEB-8F5D-2E54EFC97E05}.Ad-Hoc|x64.ActiveCfg = Release|x64
		{839C7EE8-123E-4DEB-8F5D-2E54EFC97E05}.Ad-Hoc|x64.Build.0 = Release|x64
		{839C7EE8-123E-4DEB-8F5D-2E54EFC97E05}.Ad-Hoc|x64.Deploy.0 = Release|x64
		{839C7EE8-123E-4DEB-8F5D-2E54EFC97E05}.Ad-Hoc|x86.ActiveCfg = Release|x86
		{839C7EE8-123E-4DEB-8F5D-2E54EFC97E05}.Ad-Hoc|x86.Build.0 = Release|x86
		{839C7EE8-123E-4DEB-8F5D-2E54EFC97E05}.Ad-Hoc|x86.Deploy.0 = Release|x86
		{839C7EE8-123E-4DEB-8F5D-2E54EFC97E05}.AppStore|Any CPU.ActiveCfg = Release|Any CPU
		{839C7EE8-123E-4DEB-8F5D-2E54EFC97E05}.AppStore|Any CPU.Build.0 = Release|Any CPU
		{839C7EE8-123E-4DEB-8F5D-2E54EFC97E05}.AppStore|Any CPU.Deploy.0 = Release|Any CPU
		{839C7EE8-123E-4DEB-8F5D-2E54EFC97E05}.AppStore|ARM.ActiveCfg = Release|ARM
		{839C7EE8-123E-4DEB-8F5D-2E54EFC97E05}.AppStore|ARM.Build.0 = Release|ARM
		{839C7EE8-123E-4DEB-8F5D-2E54EFC97E05}.AppStore|ARM.Deploy.0 = Release|ARM
		{839C7EE8-123E-4DEB-8F5D-2E54EFC97E05}.AppStore|iPhone.ActiveCfg = Release|Any CPU
		{839C7EE8-123E-4DEB-8F5D-2E54EFC97E05}.AppStore|iPhone.Build.0 = Release|Any CPU
		{839C7EE8-123E-4DEB-8F5D-2E54EFC97E05}.AppStore|iPhone.Deploy.0 = Release|Any CPU
		{839C7EE8-123E-4DEB-8F5D-2E54EFC97E05}.AppStore|iPhoneSimulator.ActiveCfg = Release|Any CPU
		{839C7EE8-123E-4DEB-8F5D-2E54EFC97E05}.AppStore|iPhoneSimulator.Build.0 = Release|Any CPU
		{839C7EE8-123E-4DEB-8F5D-2E54EFC97E05}.AppStore|iPhoneSimulator.Deploy.0 = Release|Any CPU
		{839C7EE8-123E-4DEB-8F5D-2E54EFC97E05}.AppStore|x64.ActiveCfg = Release|x64
		{839C7EE8-123E-4DEB-8F5D-2E54EFC97E05}.AppStore|x64.Build.0 = Release|x64
		{839C7EE8-123E-4DEB-8F5D-2E54EFC97E05}.AppStore|x64.Deploy.0 = Release|x64
		{839C7EE8-123E-4DEB-8F5D-2E54EFC97E05}.AppStore|x86.ActiveCfg = Release|x86
		{839C7EE8-123E-4DEB-8F5D-2E54EFC97E05}.AppStore|x86.Build.0 = Release|x86
		{839C7EE8-123E-4DEB-8F5D-2E54EFC97E05}.AppStore|x86.Deploy.0 = Release|x86
		{839C7EE8-123E-4DEB-8F5D-2E54EFC97E05}.Debug|Any CPU.ActiveCfg = Debug|Any CPU
		{839C7EE8-123E-4DEB-8F5D-2E54EFC97E05}.Debug|Any CPU.Build.0 = Debug|Any CPU
		{839C7EE8-123E-4DEB-8F5D-2E54EFC97E05}.Debug|Any CPU.Deploy.0 = Debug|Any CPU
		{839C7EE8-123E-4DEB-8F5D-2E54EFC97E05}.Debug|ARM.ActiveCfg = Debug|ARM
		{839C7EE8-123E-4DEB-8F5D-2E54EFC97E05}.Debug|ARM.Build.0 = Debug|ARM
		{839C7EE8-123E-4DEB-8F5D-2E54EFC97E05}.Debug|ARM.Deploy.0 = Debug|ARM
		{839C7EE8-123E-4DEB-8F5D-2E54EFC97E05}.Debug|iPhone.ActiveCfg = Debug|Any CPU
		{839C7EE8-123E-4DEB-8F5D-2E54EFC97E05}.Debug|iPhone.Build.0 = Debug|Any CPU
		{839C7EE8-123E-4DEB-8F5D-2E54EFC97E05}.Debug|iPhone.Deploy.0 = Debug|Any CPU
		{839C7EE8-123E-4DEB-8F5D-2E54EFC97E05}.Debug|iPhoneSimulator.ActiveCfg = Debug|Any CPU
		{839C7EE8-123E-4DEB-8F5D-2E54EFC97E05}.Debug|iPhoneSimulator.Build.0 = Debug|Any CPU
		{839C7EE8-123E-4DEB-8F5D-2E54EFC97E05}.Debug|iPhoneSimulator.Deploy.0 = Debug|Any CPU
		{839C7EE8-123E-4DEB-8F5D-2E54EFC97E05}.Debug|x64.ActiveCfg = Debug|x64
		{839C7EE8-123E-4DEB-8F5D-2E54EFC97E05}.Debug|x64.Build.0 = Debug|x64
		{839C7EE8-123E-4DEB-8F5D-2E54EFC97E05}.Debug|x64.Deploy.0 = Debug|x64
		{839C7EE8-123E-4DEB-8F5D-2E54EFC97E05}.Debug|x86.ActiveCfg = Debug|x86
		{839C7EE8-123E-4DEB-8F5D-2E54EFC97E05}.Debug|x86.Build.0 = Debug|x86
		{839C7EE8-123E-4DEB-8F5D-2E54EFC97E05}.Debug|x86.Deploy.0 = Debug|x86
		{839C7EE8-123E-4DEB-8F5D-2E54EFC97E05}.Release|Any CPU.ActiveCfg = Release|Any CPU
		{839C7EE8-123E-4DEB-8F5D-2E54EFC97E05}.Release|Any CPU.Build.0 = Release|Any CPU
		{839C7EE8-123E-4DEB-8F5D-2E54EFC97E05}.Release|Any CPU.Deploy.0 = Release|Any CPU
		{839C7EE8-123E-4DEB-8F5D-2E54EFC97E05}.Release|ARM.ActiveCfg = Release|ARM
		{839C7EE8-123E-4DEB-8F5D-2E54EFC97E05}.Release|ARM.Build.0 = Release|ARM
		{839C7EE8-123E-4DEB-8F5D-2E54EFC97E05}.Release|ARM.Deploy.0 = Release|ARM
		{839C7EE8-123E-4DEB-8F5D-2E54EFC97E05}.Release|iPhone.ActiveCfg = Release|Any CPU
		{839C7EE8-123E-4DEB-8F5D-2E54EFC97E05}.Release|iPhone.Build.0 = Release|Any CPU
		{839C7EE8-123E-4DEB-8F5D-2E54EFC97E05}.Release|iPhone.Deploy.0 = Release|Any CPU
		{839C7EE8-123E-4DEB-8F5D-2E54EFC97E05}.Release|iPhoneSimulator.ActiveCfg = Release|Any CPU
		{839C7EE8-123E-4DEB-8F5D-2E54EFC97E05}.Release|iPhoneSimulator.Build.0 = Release|Any CPU
		{839C7EE8-123E-4DEB-8F5D-2E54EFC97E05}.Release|iPhoneSimulator.Deploy.0 = Release|Any CPU
		{839C7EE8-123E-4DEB-8F5D-2E54EFC97E05}.Release|x64.ActiveCfg = Release|x64
		{839C7EE8-123E-4DEB-8F5D-2E54EFC97E05}.Release|x64.Build.0 = Release|x64
		{839C7EE8-123E-4DEB-8F5D-2E54EFC97E05}.Release|x64.Deploy.0 = Release|x64
		{839C7EE8-123E-4DEB-8F5D-2E54EFC97E05}.Release|x86.ActiveCfg = Release|x86
		{839C7EE8-123E-4DEB-8F5D-2E54EFC97E05}.Release|x86.Build.0 = Release|x86
		{839C7EE8-123E-4DEB-8F5D-2E54EFC97E05}.Release|x86.Deploy.0 = Release|x86
		{FED66D93-033B-49E0-93C3-C6158E19F4E4}.Ad-Hoc|Any CPU.ActiveCfg = Release|Any CPU
		{FED66D93-033B-49E0-93C3-C6158E19F4E4}.Ad-Hoc|Any CPU.Build.0 = Release|Any CPU
		{FED66D93-033B-49E0-93C3-C6158E19F4E4}.Ad-Hoc|ARM.ActiveCfg = Release|Any CPU
		{FED66D93-033B-49E0-93C3-C6158E19F4E4}.Ad-Hoc|ARM.Build.0 = Release|Any CPU
		{FED66D93-033B-49E0-93C3-C6158E19F4E4}.Ad-Hoc|iPhone.ActiveCfg = Release|Any CPU
		{FED66D93-033B-49E0-93C3-C6158E19F4E4}.Ad-Hoc|iPhone.Build.0 = Release|Any CPU
		{FED66D93-033B-49E0-93C3-C6158E19F4E4}.Ad-Hoc|iPhoneSimulator.ActiveCfg = Release|Any CPU
		{FED66D93-033B-49E0-93C3-C6158E19F4E4}.Ad-Hoc|iPhoneSimulator.Build.0 = Release|Any CPU
		{FED66D93-033B-49E0-93C3-C6158E19F4E4}.Ad-Hoc|x64.ActiveCfg = Release|Any CPU
		{FED66D93-033B-49E0-93C3-C6158E19F4E4}.Ad-Hoc|x64.Build.0 = Release|Any CPU
		{FED66D93-033B-49E0-93C3-C6158E19F4E4}.Ad-Hoc|x86.ActiveCfg = Release|Any CPU
		{FED66D93-033B-49E0-93C3-C6158E19F4E4}.Ad-Hoc|x86.Build.0 = Release|Any CPU
		{FED66D93-033B-49E0-93C3-C6158E19F4E4}.AppStore|Any CPU.ActiveCfg = Release|Any CPU
		{FED66D93-033B-49E0-93C3-C6158E19F4E4}.AppStore|Any CPU.Build.0 = Release|Any CPU
		{FED66D93-033B-49E0-93C3-C6158E19F4E4}.AppStore|ARM.ActiveCfg = Release|Any CPU
		{FED66D93-033B-49E0-93C3-C6158E19F4E4}.AppStore|ARM.Build.0 = Release|Any CPU
		{FED66D93-033B-49E0-93C3-C6158E19F4E4}.AppStore|iPhone.ActiveCfg = Release|Any CPU
		{FED66D93-033B-49E0-93C3-C6158E19F4E4}.AppStore|iPhone.Build.0 = Release|Any CPU
		{FED66D93-033B-49E0-93C3-C6158E19F4E4}.AppStore|iPhoneSimulator.ActiveCfg = Release|Any CPU
		{FED66D93-033B-49E0-93C3-C6158E19F4E4}.AppStore|iPhoneSimulator.Build.0 = Release|Any CPU
		{FED66D93-033B-49E0-93C3-C6158E19F4E4}.AppStore|x64.ActiveCfg = Release|Any CPU
		{FED66D93-033B-49E0-93C3-C6158E19F4E4}.AppStore|x64.Build.0 = Release|Any CPU
		{FED66D93-033B-49E0-93C3-C6158E19F4E4}.AppStore|x86.ActiveCfg = Release|Any CPU
		{FED66D93-033B-49E0-93C3-C6158E19F4E4}.AppStore|x86.Build.0 = Release|Any CPU
		{FED66D93-033B-49E0-93C3-C6158E19F4E4}.Debug|Any CPU.ActiveCfg = Debug|Any CPU
		{FED66D93-033B-49E0-93C3-C6158E19F4E4}.Debug|Any CPU.Build.0 = Debug|Any CPU
		{FED66D93-033B-49E0-93C3-C6158E19F4E4}.Debug|ARM.ActiveCfg = Debug|Any CPU
		{FED66D93-033B-49E0-93C3-C6158E19F4E4}.Debug|ARM.Build.0 = Debug|Any CPU
		{FED66D93-033B-49E0-93C3-C6158E19F4E4}.Debug|iPhone.ActiveCfg = Debug|Any CPU
		{FED66D93-033B-49E0-93C3-C6158E19F4E4}.Debug|iPhone.Build.0 = Debug|Any CPU
		{FED66D93-033B-49E0-93C3-C6158E19F4E4}.Debug|iPhoneSimulator.ActiveCfg = Debug|Any CPU
		{FED66D93-033B-49E0-93C3-C6158E19F4E4}.Debug|iPhoneSimulator.Build.0 = Debug|Any CPU
		{FED66D93-033B-49E0-93C3-C6158E19F4E4}.Debug|x64.ActiveCfg = Debug|Any CPU
		{FED66D93-033B-49E0-93C3-C6158E19F4E4}.Debug|x64.Build.0 = Debug|Any CPU
		{FED66D93-033B-49E0-93C3-C6158E19F4E4}.Debug|x86.ActiveCfg = Debug|Any CPU
		{FED66D93-033B-49E0-93C3-C6158E19F4E4}.Debug|x86.Build.0 = Debug|Any CPU
		{FED66D93-033B-49E0-93C3-C6158E19F4E4}.Release|Any CPU.ActiveCfg = Release|Any CPU
		{FED66D93-033B-49E0-93C3-C6158E19F4E4}.Release|Any CPU.Build.0 = Release|Any CPU
		{FED66D93-033B-49E0-93C3-C6158E19F4E4}.Release|ARM.ActiveCfg = Release|Any CPU
		{FED66D93-033B-49E0-93C3-C6158E19F4E4}.Release|ARM.Build.0 = Release|Any CPU
		{FED66D93-033B-49E0-93C3-C6158E19F4E4}.Release|iPhone.ActiveCfg = Release|Any CPU
		{FED66D93-033B-49E0-93C3-C6158E19F4E4}.Release|iPhone.Build.0 = Release|Any CPU
		{FED66D93-033B-49E0-93C3-C6158E19F4E4}.Release|iPhoneSimulator.ActiveCfg = Release|Any CPU
		{FED66D93-033B-49E0-93C3-C6158E19F4E4}.Release|iPhoneSimulator.Build.0 = Release|Any CPU
		{FED66D93-033B-49E0-93C3-C6158E19F4E4}.Release|x64.ActiveCfg = Release|Any CPU
		{FED66D93-033B-49E0-93C3-C6158E19F4E4}.Release|x64.Build.0 = Release|Any CPU
		{FED66D93-033B-49E0-93C3-C6158E19F4E4}.Release|x86.ActiveCfg = Release|Any CPU
		{FED66D93-033B-49E0-93C3-C6158E19F4E4}.Release|x86.Build.0 = Release|Any CPU
	EndGlobalSection
	GlobalSection(SolutionProperties) = preSolution
		HideSolutionNode = FALSE
	EndGlobalSection
EndGlobal
